// !$*UTF8*$!
{
	archiveVersion = 1;
	classes = {
	};
	objectVersion = 55;
	objects = {

/* Begin PBXBuildFile section */
		A21EA10C2782F444006F54DA /* CryptoApp.swift in Sources */ = {isa = PBXBuildFile; fileRef = A21EA10B2782F444006F54DA /* CryptoApp.swift */; };
		A21EA10E2782F444006F54DA /* ContentView.swift in Sources */ = {isa = PBXBuildFile; fileRef = A21EA10D2782F444006F54DA /* ContentView.swift */; };
		A21EA1102782F446006F54DA /* Assets.xcassets in Resources */ = {isa = PBXBuildFile; fileRef = A21EA10F2782F446006F54DA /* Assets.xcassets */; };
		A21EA1132782F446006F54DA /* Preview Assets.xcassets in Resources */ = {isa = PBXBuildFile; fileRef = A21EA1122782F446006F54DA /* Preview Assets.xcassets */; };
		A21EA11D2782F447006F54DA /* CryptoTests.swift in Sources */ = {isa = PBXBuildFile; fileRef = A21EA11C2782F447006F54DA /* CryptoTests.swift */; };
		A21EA1272782F447006F54DA /* CryptoUITests.swift in Sources */ = {isa = PBXBuildFile; fileRef = A21EA1262782F447006F54DA /* CryptoUITests.swift */; };
		A21EA1292782F447006F54DA /* CryptoUITestsLaunchTests.swift in Sources */ = {isa = PBXBuildFile; fileRef = A21EA1282782F447006F54DA /* CryptoUITestsLaunchTests.swift */; };
		A21EA1372782F5BA006F54DA /* CoinModel.swift in Sources */ = {isa = PBXBuildFile; fileRef = A21EA1362782F5BA006F54DA /* CoinModel.swift */; };
		A21EA13A2782F7BA006F54DA /* CoinViewModel.swift in Sources */ = {isa = PBXBuildFile; fileRef = A21EA1392782F7BA006F54DA /* CoinViewModel.swift */; };
		A21EA13C2782F908006F54DA /* CoinListViewModels.swift in Sources */ = {isa = PBXBuildFile; fileRef = A21EA13B2782F908006F54DA /* CoinListViewModels.swift */; };
		A21EA13E278305C1006F54DA /* CryptoServices.swift in Sources */ = {isa = PBXBuildFile; fileRef = A21EA13D278305C1006F54DA /* CryptoServices.swift */; };
/* End PBXBuildFile section */

/* Begin PBXContainerItemProxy section */
		A21EA1192782F447006F54DA /* PBXContainerItemProxy */ = {
			isa = PBXContainerItemProxy;
			containerPortal = A21EA1002782F444006F54DA /* Project object */;
			proxyType = 1;
			remoteGlobalIDString = A21EA1072782F444006F54DA;
			remoteInfo = Crypto;
		};
		A21EA1232782F447006F54DA /* PBXContainerItemProxy */ = {
			isa = PBXContainerItemProxy;
			containerPortal = A21EA1002782F444006F54DA /* Project object */;
			proxyType = 1;
			remoteGlobalIDString = A21EA1072782F444006F54DA;
			remoteInfo = Crypto;
		};
/* End PBXContainerItemProxy section */

/* Begin PBXFileReference section */
		A21EA1082782F444006F54DA /* Crypto.app */ = {isa = PBXFileReference; explicitFileType = wrapper.application; includeInIndex = 0; path = Crypto.app; sourceTree = BUILT_PRODUCTS_DIR; };
		A21EA10B2782F444006F54DA /* CryptoApp.swift */ = {isa = PBXFileReference; lastKnownFileType = sourcecode.swift; path = CryptoApp.swift; sourceTree = "<group>"; };
		A21EA10D2782F444006F54DA /* ContentView.swift */ = {isa = PBXFileReference; lastKnownFileType = sourcecode.swift; path = ContentView.swift; sourceTree = "<group>"; };
		A21EA10F2782F446006F54DA /* Assets.xcassets */ = {isa = PBXFileReference; lastKnownFileType = folder.assetcatalog; path = Assets.xcassets; sourceTree = "<group>"; };
		A21EA1122782F446006F54DA /* Preview Assets.xcassets */ = {isa = PBXFileReference; lastKnownFileType = folder.assetcatalog; path = "Preview Assets.xcassets"; sourceTree = "<group>"; };
		A21EA1182782F447006F54DA /* CryptoTests.xctest */ = {isa = PBXFileReference; explicitFileType = wrapper.cfbundle; includeInIndex = 0; path = CryptoTests.xctest; sourceTree = BUILT_PRODUCTS_DIR; };
		A21EA11C2782F447006F54DA /* CryptoTests.swift */ = {isa = PBXFileReference; lastKnownFileType = sourcecode.swift; path = CryptoTests.swift; sourceTree = "<group>"; };
		A21EA1222782F447006F54DA /* CryptoUITests.xctest */ = {isa = PBXFileReference; explicitFileType = wrapper.cfbundle; includeInIndex = 0; path = CryptoUITests.xctest; sourceTree = BUILT_PRODUCTS_DIR; };
		A21EA1262782F447006F54DA /* CryptoUITests.swift */ = {isa = PBXFileReference; lastKnownFileType = sourcecode.swift; path = CryptoUITests.swift; sourceTree = "<group>"; };
		A21EA1282782F447006F54DA /* CryptoUITestsLaunchTests.swift */ = {isa = PBXFileReference; lastKnownFileType = sourcecode.swift; path = CryptoUITestsLaunchTests.swift; sourceTree = "<group>"; };
		A21EA1362782F5BA006F54DA /* CoinModel.swift */ = {isa = PBXFileReference; lastKnownFileType = sourcecode.swift; path = CoinModel.swift; sourceTree = "<group>"; };
		A21EA1392782F7BA006F54DA /* CoinViewModel.swift */ = {isa = PBXFileReference; lastKnownFileType = sourcecode.swift; path = CoinViewModel.swift; sourceTree = "<group>"; };
		A21EA13B2782F908006F54DA /* CoinListViewModels.swift */ = {isa = PBXFileReference; lastKnownFileType = sourcecode.swift; path = CoinListViewModels.swift; sourceTree = "<group>"; };
		A21EA13D278305C1006F54DA /* CryptoServices.swift */ = {isa = PBXFileReference; lastKnownFileType = sourcecode.swift; path = CryptoServices.swift; sourceTree = "<group>"; };
/* End PBXFileReference section */

/* Begin PBXFrameworksBuildPhase section */
		A21EA1052782F444006F54DA /* Frameworks */ = {
			isa = PBXFrameworksBuildPhase;
			buildActionMask = 2147483647;
			files = (
			);
			runOnlyForDeploymentPostprocessing = 0;
		};
		A21EA1152782F447006F54DA /* Frameworks */ = {
			isa = PBXFrameworksBuildPhase;
			buildActionMask = 2147483647;
			files = (
			);
			runOnlyForDeploymentPostprocessing = 0;
		};
		A21EA11F2782F447006F54DA /* Frameworks */ = {
			isa = PBXFrameworksBuildPhase;
			buildActionMask = 2147483647;
			files = (
			);
			runOnlyForDeploymentPostprocessing = 0;
		};
/* End PBXFrameworksBuildPhase section */

/* Begin PBXGroup section */
		A21EA0FF2782F444006F54DA = {
			isa = PBXGroup;
			children = (
				A21EA10A2782F444006F54DA /* Crypto */,
				A21EA11B2782F447006F54DA /* CryptoTests */,
				A21EA1252782F447006F54DA /* CryptoUITests */,
				A21EA1092782F444006F54DA /* Products */,
			);
			sourceTree = "<group>";
		};
		A21EA1092782F444006F54DA /* Products */ = {
			isa = PBXGroup;
			children = (
				A21EA1082782F444006F54DA /* Crypto.app */,
				A21EA1182782F447006F54DA /* CryptoTests.xctest */,
				A21EA1222782F447006F54DA /* CryptoUITests.xctest */,
			);
			name = Products;
			sourceTree = "<group>";
		};
		A21EA10A2782F444006F54DA /* Crypto */ = {
			isa = PBXGroup;
			children = (
				A21EA13F278305C5006F54DA /* Network */,
				A21EA1382782F79D006F54DA /* ViewModels */,
				A21EA1352782F5A8006F54DA /* Model */,
				A21EA10B2782F444006F54DA /* CryptoApp.swift */,
				A21EA10D2782F444006F54DA /* ContentView.swift */,
				A21EA10F2782F446006F54DA /* Assets.xcassets */,
				A21EA1112782F446006F54DA /* Preview Content */,
			);
			path = Crypto;
			sourceTree = "<group>";
		};
		A21EA1112782F446006F54DA /* Preview Content */ = {
			isa = PBXGroup;
			children = (
				A21EA1122782F446006F54DA /* Preview Assets.xcassets */,
			);
			path = "Preview Content";
			sourceTree = "<group>";
		};
		A21EA11B2782F447006F54DA /* CryptoTests */ = {
			isa = PBXGroup;
			children = (
				A21EA11C2782F447006F54DA /* CryptoTests.swift */,
			);
			path = CryptoTests;
			sourceTree = "<group>";
		};
		A21EA1252782F447006F54DA /* CryptoUITests */ = {
			isa = PBXGroup;
			children = (
				A21EA1262782F447006F54DA /* CryptoUITests.swift */,
				A21EA1282782F447006F54DA /* CryptoUITestsLaunchTests.swift */,
			);
			path = CryptoUITests;
			sourceTree = "<group>";
		};
		A21EA1352782F5A8006F54DA /* Model */ = {
			isa = PBXGroup;
			children = (
				A21EA1362782F5BA006F54DA /* CoinModel.swift */,
			);
			path = Model;
			sourceTree = "<group>";
		};
		A21EA1382782F79D006F54DA /* ViewModels */ = {
			isa = PBXGroup;
			children = (
				A21EA1392782F7BA006F54DA /* CoinViewModel.swift */,
				A21EA13B2782F908006F54DA /* CoinListViewModels.swift */,
			);
			path = ViewModels;
			sourceTree = "<group>";
		};
		A21EA13F278305C5006F54DA /* Network */ = {
			isa = PBXGroup;
			children = (
				A21EA13D278305C1006F54DA /* CryptoServices.swift */,
			);
			path = Network;
			sourceTree = "<group>";
		};
/* End PBXGroup section */

/* Begin PBXNativeTarget section */
		A21EA1072782F444006F54DA /* Crypto */ = {
			isa = PBXNativeTarget;
			buildConfigurationList = A21EA12C2782F447006F54DA /* Build configuration list for PBXNativeTarget "Crypto" */;
			buildPhases = (
				A21EA1042782F444006F54DA /* Sources */,
				A21EA1052782F444006F54DA /* Frameworks */,
				A21EA1062782F444006F54DA /* Resources */,
			);
			buildRules = (
			);
			dependencies = (
			);
			name = Crypto;
			productName = Crypto;
			productReference = A21EA1082782F444006F54DA /* Crypto.app */;
			productType = "com.apple.product-type.application";
		};
		A21EA1172782F447006F54DA /* CryptoTests */ = {
			isa = PBXNativeTarget;
			buildConfigurationList = A21EA12F2782F447006F54DA /* Build configuration list for PBXNativeTarget "CryptoTests" */;
			buildPhases = (
				A21EA1142782F447006F54DA /* Sources */,
				A21EA1152782F447006F54DA /* Frameworks */,
				A21EA1162782F447006F54DA /* Resources */,
			);
			buildRules = (
			);
			dependencies = (
				A21EA11A2782F447006F54DA /* PBXTargetDependency */,
			);
			name = CryptoTests;
			productName = CryptoTests;
			productReference = A21EA1182782F447006F54DA /* CryptoTests.xctest */;
			productType = "com.apple.product-type.bundle.unit-test";
		};
		A21EA1212782F447006F54DA /* CryptoUITests */ = {
			isa = PBXNativeTarget;
			buildConfigurationList = A21EA1322782F447006F54DA /* Build configuration list for PBXNativeTarget "CryptoUITests" */;
			buildPhases = (
				A21EA11E2782F447006F54DA /* Sources */,
				A21EA11F2782F447006F54DA /* Frameworks */,
				A21EA1202782F447006F54DA /* Resources */,
			);
			buildRules = (
			);
			dependencies = (
				A21EA1242782F447006F54DA /* PBXTargetDependency */,
			);
			name = CryptoUITests;
			productName = CryptoUITests;
			productReference = A21EA1222782F447006F54DA /* CryptoUITests.xctest */;
			productType = "com.apple.product-type.bundle.ui-testing";
		};
/* End PBXNativeTarget section */

/* Begin PBXProject section */
		A21EA1002782F444006F54DA /* Project object */ = {
			isa = PBXProject;
			attributes = {
				BuildIndependentTargetsInParallel = 1;
				LastSwiftUpdateCheck = 1310;
				LastUpgradeCheck = 1310;
				TargetAttributes = {
					A21EA1072782F444006F54DA = {
						CreatedOnToolsVersion = 13.1;
					};
					A21EA1172782F447006F54DA = {
						CreatedOnToolsVersion = 13.1;
						TestTargetID = A21EA1072782F444006F54DA;
					};
					A21EA1212782F447006F54DA = {
						CreatedOnToolsVersion = 13.1;
						TestTargetID = A21EA1072782F444006F54DA;
					};
				};
			};
			buildConfigurationList = A21EA1032782F444006F54DA /* Build configuration list for PBXProject "Crypto" */;
			compatibilityVersion = "Xcode 13.0";
			developmentRegion = en;
			hasScannedForEncodings = 0;
			knownRegions = (
				en,
				Base,
			);
			mainGroup = A21EA0FF2782F444006F54DA;
			productRefGroup = A21EA1092782F444006F54DA /* Products */;
			projectDirPath = "";
			projectRoot = "";
			targets = (
				A21EA1072782F444006F54DA /* Crypto */,
				A21EA1172782F447006F54DA /* CryptoTests */,
				A21EA1212782F447006F54DA /* CryptoUITests */,
			);
		};
/* End PBXProject section */

/* Begin PBXResourcesBuildPhase section */
		A21EA1062782F444006F54DA /* Resources */ = {
			isa = PBXResourcesBuildPhase;
			buildActionMask = 2147483647;
			files = (
				A21EA1132782F446006F54DA /* Preview Assets.xcassets in Resources */,
				A21EA1102782F446006F54DA /* Assets.xcassets in Resources */,
			);
			runOnlyForDeploymentPostprocessing = 0;
		};
		A21EA1162782F447006F54DA /* Resources */ = {
			isa = PBXResourcesBuildPhase;
			buildActionMask = 2147483647;
			files = (
			);
			runOnlyForDeploymentPostprocessing = 0;
		};
		A21EA1202782F447006F54DA /* Resources */ = {
			isa = PBXResourcesBuildPhase;
			buildActionMask = 2147483647;
			files = (
			);
			runOnlyForDeploymentPostprocessing = 0;
		};
/* End PBXResourcesBuildPhase section */

/* Begin PBXSourcesBuildPhase section */
		A21EA1042782F444006F54DA /* Sources */ = {
			isa = PBXSourcesBuildPhase;
			buildActionMask = 2147483647;
			files = (
				A21EA10E2782F444006F54DA /* ContentView.swift in Sources */,
				A21EA1372782F5BA006F54DA /* CoinModel.swift in Sources */,
				A21EA13C2782F908006F54DA /* CoinListViewModels.swift in Sources */,
				A21EA10C2782F444006F54DA /* CryptoApp.swift in Sources */,
				A21EA13E278305C1006F54DA /* CryptoServices.swift in Sources */,
				A21EA13A2782F7BA006F54DA /* CoinViewModel.swift in Sources */,
			);
			runOnlyForDeploymentPostprocessing = 0;
		};
		A21EA1142782F447006F54DA /* Sources */ = {
			isa = PBXSourcesBuildPhase;
			buildActionMask = 2147483647;
			files = (
				A21EA11D2782F447006F54DA /* CryptoTests.swift in Sources */,
			);
			runOnlyForDeploymentPostprocessing = 0;
		};
		A21EA11E2782F447006F54DA /* Sources */ = {
			isa = PBXSourcesBuildPhase;
			buildActionMask = 2147483647;
			files = (
				A21EA1272782F447006F54DA /* CryptoUITests.swift in Sources */,
				A21EA1292782F447006F54DA /* CryptoUITestsLaunchTests.swift in Sources */,
			);
			runOnlyForDeploymentPostprocessing = 0;
		};
/* End PBXSourcesBuildPhase section */

/* Begin PBXTargetDependency section */
		A21EA11A2782F447006F54DA /* PBXTargetDependency */ = {
			isa = PBXTargetDependency;
			target = A21EA1072782F444006F54DA /* Crypto */;
			targetProxy = A21EA1192782F447006F54DA /* PBXContainerItemProxy */;
		};
		A21EA1242782F447006F54DA /* PBXTargetDependency */ = {
			isa = PBXTargetDependency;
			target = A21EA1072782F444006F54DA /* Crypto */;
			targetProxy = A21EA1232782F447006F54DA /* PBXContainerItemProxy */;
		};
/* End PBXTargetDependency section */

/* Begin XCBuildConfiguration section */
		A21EA12A2782F447006F54DA /* Debug */ = {
			isa = XCBuildConfiguration;
			buildSettings = {
				ALWAYS_SEARCH_USER_PATHS = NO;
				CLANG_ANALYZER_NONNULL = YES;
				CLANG_ANALYZER_NUMBER_OBJECT_CONVERSION = YES_AGGRESSIVE;
				CLANG_CXX_LANGUAGE_STANDARD = "gnu++17";
				CLANG_CXX_LIBRARY = "libc++";
				CLANG_ENABLE_MODULES = YES;
				CLANG_ENABLE_OBJC_ARC = YES;
				CLANG_ENABLE_OBJC_WEAK = YES;
				CLANG_WARN_BLOCK_CAPTURE_AUTORELEASING = YES;
				CLANG_WARN_BOOL_CONVERSION = YES;
				CLANG_WARN_COMMA = YES;
				CLANG_WARN_CONSTANT_CONVERSION = YES;
				CLANG_WARN_DEPRECATED_OBJC_IMPLEMENTATIONS = YES;
				CLANG_WARN_DIRECT_OBJC_ISA_USAGE = YES_ERROR;
				CLANG_WARN_DOCUMENTATION_COMMENTS = YES;
				CLANG_WARN_EMPTY_BODY = YES;
				CLANG_WARN_ENUM_CONVERSION = YES;
				CLANG_WARN_INFINITE_RECURSION = YES;
				CLANG_WARN_INT_CONVERSION = YES;
				CLANG_WARN_NON_LITERAL_NULL_CONVERSION = YES;
				CLANG_WARN_OBJC_IMPLICIT_RETAIN_SELF = YES;
				CLANG_WARN_OBJC_LITERAL_CONVERSION = YES;
				CLANG_WARN_OBJC_ROOT_CLASS = YES_ERROR;
				CLANG_WARN_QUOTED_INCLUDE_IN_FRAMEWORK_HEADER = YES;
				CLANG_WARN_RANGE_LOOP_ANALYSIS = YES;
				CLANG_WARN_STRICT_PROTOTYPES = YES;
				CLANG_WARN_SUSPICIOUS_MOVE = YES;
				CLANG_WARN_UNGUARDED_AVAILABILITY = YES_AGGRESSIVE;
				CLANG_WARN_UNREACHABLE_CODE = YES;
				CLANG_WARN__DUPLICATE_METHOD_MATCH = YES;
				COPY_PHASE_STRIP = NO;
				DEBUG_INFORMATION_FORMAT = dwarf;
				ENABLE_STRICT_OBJC_MSGSEND = YES;
				ENABLE_TESTABILITY = YES;
				GCC_C_LANGUAGE_STANDARD = gnu11;
				GCC_DYNAMIC_NO_PIC = NO;
				GCC_NO_COMMON_BLOCKS = YES;
				GCC_OPTIMIZATION_LEVEL = 0;
				GCC_PREPROCESSOR_DEFINITIONS = (
					"DEBUG=1",
					"$(inherited)",
				);
				GCC_WARN_64_TO_32_BIT_CONVERSION = YES;
				GCC_WARN_ABOUT_RETURN_TYPE = YES_ERROR;
				GCC_WARN_UNDECLARED_SELECTOR = YES;
				GCC_WARN_UNINITIALIZED_AUTOS = YES_AGGRESSIVE;
				GCC_WARN_UNUSED_FUNCTION = YES;
				GCC_WARN_UNUSED_VARIABLE = YES;
				IPHONEOS_DEPLOYMENT_TARGET = 15.0;
				MTL_ENABLE_DEBUG_INFO = INCLUDE_SOURCE;
				MTL_FAST_MATH = YES;
				ONLY_ACTIVE_ARCH = YES;
				SDKROOT = iphoneos;
				SWIFT_ACTIVE_COMPILATION_CONDITIONS = DEBUG;
				SWIFT_OPTIMIZATION_LEVEL = "-Onone";
			};
			name = Debug;
		};
		A21EA12B2782F447006F54DA /* Release */ = {
			isa = XCBuildConfiguration;
			buildSettings = {
				ALWAYS_SEARCH_USER_PATHS = NO;
				CLANG_ANALYZER_NONNULL = YES;
				CLANG_ANALYZER_NUMBER_OBJECT_CONVERSION = YES_AGGRESSIVE;
				CLANG_CXX_LANGUAGE_STANDARD = "gnu++17";
				CLANG_CXX_LIBRARY = "libc++";
				CLANG_ENABLE_MODULES = YES;
				CLANG_ENABLE_OBJC_ARC = YES;
				CLANG_ENABLE_OBJC_WEAK = YES;
				CLANG_WARN_BLOCK_CAPTURE_AUTORELEASING = YES;
				CLANG_WARN_BOOL_CONVERSION = YES;
				CLANG_WARN_COMMA = YES;
				CLANG_WARN_CONSTANT_CONVERSION = YES;
				CLANG_WARN_DEPRECATED_OBJC_IMPLEMENTATIONS = YES;
				CLANG_WARN_DIRECT_OBJC_ISA_USAGE = YES_ERROR;
				CLANG_WARN_DOCUMENTATION_COMMENTS = YES;
				CLANG_WARN_EMPTY_BODY = YES;
				CLANG_WARN_ENUM_CONVERSION = YES;
				CLANG_WARN_INFINITE_RECURSION = YES;
				CLANG_WARN_INT_CONVERSION = YES;
				CLANG_WARN_NON_LITERAL_NULL_CONVERSION = YES;
				CLANG_WARN_OBJC_IMPLICIT_RETAIN_SELF = YES;
				CLANG_WARN_OBJC_LITERAL_CONVERSION = YES;
				CLANG_WARN_OBJC_ROOT_CLASS = YES_ERROR;
				CLANG_WARN_QUOTED_INCLUDE_IN_FRAMEWORK_HEADER = YES;
				CLANG_WARN_RANGE_LOOP_ANALYSIS = YES;
				CLANG_WARN_STRICT_PROTOTYPES = YES;
				CLANG_WARN_SUSPICIOUS_MOVE = YES;
				CLANG_WARN_UNGUARDED_AVAILABILITY = YES_AGGRESSIVE;
				CLANG_WARN_UNREACHABLE_CODE = YES;
				CLANG_WARN__DUPLICATE_METHOD_MATCH = YES;
				COPY_PHASE_STRIP = NO;
				DEBUG_INFORMATION_FORMAT = "dwarf-with-dsym";
				ENABLE_NS_ASSERTIONS = NO;
				ENABLE_STRICT_OBJC_MSGSEND = YES;
				GCC_C_LANGUAGE_STANDARD = gnu11;
				GCC_NO_COMMON_BLOCKS = YES;
				GCC_WARN_64_TO_32_BIT_CONVERSION = YES;
				GCC_WARN_ABOUT_RETURN_TYPE = YES_ERROR;
				GCC_WARN_UNDECLARED_SELECTOR = YES;
				GCC_WARN_UNINITIALIZED_AUTOS = YES_AGGRESSIVE;
				GCC_WARN_UNUSED_FUNCTION = YES;
				GCC_WARN_UNUSED_VARIABLE = YES;
				IPHONEOS_DEPLOYMENT_TARGET = 15.0;
				MTL_ENABLE_DEBUG_INFO = NO;
				MTL_FAST_MATH = YES;
				SDKROOT = iphoneos;
				SWIFT_COMPILATION_MODE = wholemodule;
				SWIFT_OPTIMIZATION_LEVEL = "-O";
				VALIDATE_PRODUCT = YES;
			};
			name = Release;
		};
		A21EA12D2782F447006F54DA /* Debug */ = {
			isa = XCBuildConfiguration;
			buildSettings = {
				ASSETCATALOG_COMPILER_APPICON_NAME = AppIcon;
				ASSETCATALOG_COMPILER_GLOBAL_ACCENT_COLOR_NAME = AccentColor;
				CODE_SIGN_STYLE = Automatic;
				CURRENT_PROJECT_VERSION = 1;
				DEVELOPMENT_ASSET_PATHS = "\"Crypto/Preview Content\"";
				DEVELOPMENT_TEAM = X43UT553Y2;
				ENABLE_PREVIEWS = YES;
				GENERATE_INFOPLIST_FILE = YES;
				INFOPLIST_KEY_UIApplicationSceneManifest_Generation = YES;
				INFOPLIST_KEY_UIApplicationSupportsIndirectInputEvents = YES;
				INFOPLIST_KEY_UILaunchScreen_Generation = YES;
				INFOPLIST_KEY_UISupportedInterfaceOrientations_iPad = "UIInterfaceOrientationPortrait UIInterfaceOrientationPortraitUpsideDown UIInterfaceOrientationLandscapeLeft UIInterfaceOrientationLandscapeRight";
				INFOPLIST_KEY_UISupportedInterfaceOrientations_iPhone = "UIInterfaceOrientationPortrait UIInterfaceOrientationLandscapeLeft UIInterfaceOrientationLandscapeRight";
				LD_RUNPATH_SEARCH_PATHS = (
					"$(inherited)",
					"@executable_path/Frameworks",
				);
				MARKETING_VERSION = 1.0;
				PRODUCT_BUNDLE_IDENTIFIER = com.CombineMovieApp.amr.Crypto;
				PRODUCT_NAME = "$(TARGET_NAME)";
				SWIFT_EMIT_LOC_STRINGS = YES;
				SWIFT_VERSION = 5.0;
				TARGETED_DEVICE_FAMILY = "1,2";
			};
			name = Debug;
		};
		A21EA12E2782F447006F54DA /* Release */ = {
			isa = XCBuildConfiguration;
			buildSettings = {
				ASSETCATALOG_COMPILER_APPICON_NAME = AppIcon;
				ASSETCATALOG_COMPILER_GLOBAL_ACCENT_COLOR_NAME = AccentColor;
				CODE_SIGN_STYLE = Automatic;
				CURRENT_PROJECT_VERSION = 1;
				DEVELOPMENT_ASSET_PATHS = "\"Crypto/Preview Content\"";
				DEVELOPMENT_TEAM = X43UT553Y2;
				ENABLE_PREVIEWS = YES;
				GENERATE_INFOPLIST_FILE = YES;
				INFOPLIST_KEY_UIApplicationSceneManifest_Generation = YES;
				INFOPLIST_KEY_UIApplicationSupportsIndirectInputEvents = YES;
				INFOPLIST_KEY_UILaunchScreen_Generation = YES;
				INFOPLIST_KEY_UISupportedInterfaceOrientations_iPad = "UIInterfaceOrientationPortrait UIInterfaceOrientationPortraitUpsideDown UIInterfaceOrientationLandscapeLeft UIInterfaceOrientationLandscapeRight";
				INFOPLIST_KEY_UISupportedInterfaceOrientations_iPhone = "UIInterfaceOrientationPortrait UIInterfaceOrientationLandscapeLeft UIInterfaceOrientationLandscapeRight";
				LD_RUNPATH_SEARCH_PATHS = (
					"$(inherited)",
					"@executable_path/Frameworks",
				);
				MARKETING_VERSION = 1.0;
				PRODUCT_BUNDLE_IDENTIFIER = com.CombineMovieApp.amr.Crypto;
				PRODUCT_NAME = "$(TARGET_NAME)";
				SWIFT_EMIT_LOC_STRINGS = YES;
				SWIFT_VERSION = 5.0;
				TARGETED_DEVICE_FAMILY = "1,2";
			};
			name = Release;
		};
		A21EA1302782F447006F54DA /* Debug */ = {
			isa = XCBuildConfiguration;
			buildSettings = {
				ALWAYS_EMBED_SWIFT_STANDARD_LIBRARIES = YES;
				BUNDLE_LOADER = "$(TEST_HOST)";
				CODE_SIGN_STYLE = Automatic;
				CURRENT_PROJECT_VERSION = 1;
				DEVELOPMENT_TEAM = X43UT553Y2;
				GENERATE_INFOPLIST_FILE = YES;
				IPHONEOS_DEPLOYMENT_TARGET = 15.0;
				LD_RUNPATH_SEARCH_PATHS = (
					"$(inherited)",
					"@executable_path/Frameworks",
					"@loader_path/Frameworks",
				);
				MARKETING_VERSION = 1.0;
				PRODUCT_BUNDLE_IDENTIFIER = com.CombineMovieApp.amr.CryptoTests;
				PRODUCT_NAME = "$(TARGET_NAME)";
				SWIFT_EMIT_LOC_STRINGS = NO;
				SWIFT_VERSION = 5.0;
				TARGETED_DEVICE_FAMILY = "1,2";
				TEST_HOST = "$(BUILT_PRODUCTS_DIR)/Crypto.app/Crypto";
			};
			name = Debug;
		};
		A21EA1312782F447006F54DA /* Release */ = {
			isa = XCBuildConfiguration;
			buildSettings = {
				ALWAYS_EMBED_SWIFT_STANDARD_LIBRARIES = YES;
				BUNDLE_LOADER = "$(TEST_HOST)";
				CODE_SIGN_STYLE = Automatic;
				CURRENT_PROJECT_VERSION = 1;
				DEVELOPMENT_TEAM = X43UT553Y2;
				GENERATE_INFOPLIST_FILE = YES;
				IPHONEOS_DEPLOYMENT_TARGET = 15.0;
				LD_RUNPATH_SEARCH_PATHS = (
					"$(inherited)",
					"@executable_path/Frameworks",
					"@loader_path/Frameworks",
				);
				MARKETING_VERSION = 1.0;
				PRODUCT_BUNDLE_IDENTIFIER = com.CombineMovieApp.amr.CryptoTests;
				PRODUCT_NAME = "$(TARGET_NAME)";
				SWIFT_EMIT_LOC_STRINGS = NO;
				SWIFT_VERSION = 5.0;
				TARGETED_DEVICE_FAMILY = "1,2";
				TEST_HOST = "$(BUILT_PRODUCTS_DIR)/Crypto.app/Crypto";
			};
			name = Release;
		};
		A21EA1332782F447006F54DA /* Debug */ = {
			isa = XCBuildConfiguration;
			buildSettings = {
				ALWAYS_EMBED_SWIFT_STANDARD_LIBRARIES = YES;
				CODE_SIGN_STYLE = Automatic;
				CURRENT_PROJECT_VERSION = 1;
				DEVELOPMENT_TEAM = X43UT553Y2;
				GENERATE_INFOPLIST_FILE = YES;
				LD_RUNPATH_SEARCH_PATHS = (
					"$(inherited)",
					"@executable_path/Frameworks",
					"@loader_path/Frameworks",
				);
				MARKETING_VERSION = 1.0;
				PRODUCT_BUNDLE_IDENTIFIER = com.CombineMovieApp.amr.CryptoUITests;
				PRODUCT_NAME = "$(TARGET_NAME)";
				SWIFT_EMIT_LOC_STRINGS = NO;
				SWIFT_VERSION = 5.0;
				TARGETED_DEVICE_FAMILY = "1,2";
				TEST_TARGET_NAME = Crypto;
			};
			name = Debug;
		};
		A21EA1342782F447006F54DA /* Release */ = {
			isa = XCBuildConfiguration;
			buildSettings = {
				ALWAYS_EMBED_SWIFT_STANDARD_LIBRARIES = YES;
				CODE_SIGN_STYLE = Automatic;
				CURRENT_PROJECT_VERSION = 1;
				DEVELOPMENT_TEAM = X43UT553Y2;
				GENERATE_INFOPLIST_FILE = YES;
				LD_RUNPATH_SEARCH_PATHS = (
					"$(inherited)",
					"@executable_path/Frameworks",
					"@loader_path/Frameworks",
				);
				MARKETING_VERSION = 1.0;
				PRODUCT_BUNDLE_IDENTIFIER = com.CombineMovieApp.amr.CryptoUITests;
				PRODUCT_NAME = "$(TARGET_NAME)";
				SWIFT_EMIT_LOC_STRINGS = NO;
				SWIFT_VERSION = 5.0;
				TARGETED_DEVICE_FAMILY = "1,2";
				TEST_TARGET_NAME = Crypto;
			};
			name = Release;
		};
/* End XCBuildConfiguration section */

/* Begin XCConfigurationList section */
		A21EA1032782F444006F54DA /* Build configuration list for PBXProject "Crypto" */ = {
			isa = XCConfigurationList;
			buildConfigurations = (
				A21EA12A2782F447006F54DA /* Debug */,
				A21EA12B2782F447006F54DA /* Release */,
			);
			defaultConfigurationIsVisible = 0;
			defaultConfigurationName = Release;
		};
		A21EA12C2782F447006F54DA /* Build configuration list for PBXNativeTarget "Crypto" */ = {
			isa = XCConfigurationList;
			buildConfigurations = (
				A21EA12D2782F447006F54DA /* Debug */,
				A21EA12E2782F447006F54DA /* Release */,
			);
			defaultConfigurationIsVisible = 0;
			defaultConfigurationName = Release;
		};
		A21EA12F2782F447006F54DA /* Build configuration list for PBXNativeTarget "CryptoTests" */ = {
			isa = XCConfigurationList;
			buildConfigurations = (
				A21EA1302782F447006F54DA /* Debug */,
				A21EA1312782F447006F54DA /* Release */,
			);
			defaultConfigurationIsVisible = 0;
			defaultConfigurationName = Release;
		};
		A21EA1322782F447006F54DA /* Build configuration list for PBXNativeTarget "CryptoUITests" */ = {
			isa = XCConfigurationList;
			buildConfigurations = (
				A21EA1332782F447006F54DA /* Debug */,
				A21EA1342782F447006F54DA /* Release */,
			);
			defaultConfigurationIsVisible = 0;
			defaultConfigurationName = Release;
		};
/* End XCConfigurationList section */
	};
	rootObject = A21EA1002782F444006F54DA /* Project object */;
}
